dependencies:
  espressif/esp_codec_dev:
    component_hash: 4779f31a3ba3f9b38aee1afe6ccb9ba8f6108dc3a6e77d39d7d714e9a215371b
    dependencies:
    - name: idf
      require: private
      version: '>=4.0'
    source:
      registry_url: https://components.espressif.com/
      type: service
    version: 1.6.2
  idf:
    source:
      type: idf
    version: 6.0.2
direct_dependencies:
- espressif/esp_codec_dev
manifest_hash: d53e6f7753fde96b0e26e8b07ca15c4d9963fb269ab5ab66845d5b909afa7c1f
target: esp32p4
version: 3.0.0
